// !$*UTF8*$!
{
	archiveVersion = 1;
	classes = {
	};
	objectVersion = 55;
	objects = {

/* Begin PBXBuildFile section */
		D7763B9F28AE4CCC0097A3B2 /* RubikBurned-Regular.ttf in Resources */ = {isa = PBXBuildFile; fileRef = D7763B9E28AE4CCC0097A3B2 /* RubikBurned-Regular.ttf */; };
		D7763BA228AE51E40097A3B2 /* Montserrat-VariableFont_wght.ttf in Resources */ = {isa = PBXBuildFile; fileRef = D7763BA028AE51E40097A3B2 /* Montserrat-VariableFont_wght.ttf */; };
		D7763BA328AE51E40097A3B2 /* Montserrat-Italic-VariableFont_wght.ttf in Resources */ = {isa = PBXBuildFile; fileRef = D7763BA128AE51E40097A3B2 /* Montserrat-Italic-VariableFont_wght.ttf */; };
		D7763BA928AE53880097A3B2 /* DynaPuff-VariableFont_wdth,wght.ttf in Resources */ = {isa = PBXBuildFile; fileRef = D7763BA828AE53880097A3B2 /* DynaPuff-VariableFont_wdth,wght.ttf */; };
		D7763BAB28AE60540097A3B2 /* InfoView.swift in Sources */ = {isa = PBXBuildFile; fileRef = D7763BAA28AE60540097A3B2 /* InfoView.swift */; };
		D783319428AD36A90079D169 /* ShahabCardApp.swift in Sources */ = {isa = PBXBuildFile; fileRef = D783319328AD36A90079D169 /* ShahabCardApp.swift */; };
		D783319628AD36A90079D169 /* ContentView.swift in Sources */ = {isa = PBXBuildFile; fileRef = D783319528AD36A90079D169 /* ContentView.swift */; };
		D783319828AD36AB0079D169 /* Assets.xcassets in Resources */ = {isa = PBXBuildFile; fileRef = D783319728AD36AB0079D169 /* Assets.xcassets */; };
		D783319B28AD36AB0079D169 /* Preview Assets.xcassets in Resources */ = {isa = PBXBuildFile; fileRef = D783319A28AD36AB0079D169 /* Preview Assets.xcassets */; };
		D783319D28AD36AB0079D169 /* Persistence.swift in Sources */ = {isa = PBXBuildFile; fileRef = D783319C28AD36AB0079D169 /* Persistence.swift */; };
		D78331A028AD36AB0079D169 /* ShahabCard.xcdatamodeld in Sources */ = {isa = PBXBuildFile; fileRef = D783319E28AD36AB0079D169 /* ShahabCard.xcdatamodeld */; };
		D78331A928AD3F220079D169 /* Silkscreen-Bold.ttf in Resources */ = {isa = PBXBuildFile; fileRef = D78331A728AD3F220079D169 /* Silkscreen-Bold.ttf */; };
		D78331AA28AD3F220079D169 /* Silkscreen-Regular.ttf in Resources */ = {isa = PBXBuildFile; fileRef = D78331A828AD3F220079D169 /* Silkscreen-Regular.ttf */; };
/* End PBXBuildFile section */

/* Begin PBXFileReference section */
		D7763B9E28AE4CCC0097A3B2 /* RubikBurned-Regular.ttf */ = {isa = PBXFileReference; lastKnownFileType = file; path = "RubikBurned-Regular.ttf"; sourceTree = "<group>"; };
		D7763BA028AE51E40097A3B2 /* Montserrat-VariableFont_wght.ttf */ = {isa = PBXFileReference; lastKnownFileType = file; path = "Montserrat-VariableFont_wght.ttf"; sourceTree = "<group>"; };
		D7763BA128AE51E40097A3B2 /* Montserrat-Italic-VariableFont_wght.ttf */ = {isa = PBXFileReference; lastKnownFileType = file; path = "Montserrat-Italic-VariableFont_wght.ttf"; sourceTree = "<group>"; };
		D7763BA828AE53880097A3B2 /* DynaPuff-VariableFont_wdth,wght.ttf */ = {isa = PBXFileReference; lastKnownFileType = file; path = "DynaPuff-VariableFont_wdth,wght.ttf"; sourceTree = "<group>"; };
		D7763BAA28AE60540097A3B2 /* InfoView.swift */ = {isa = PBXFileReference; lastKnownFileType = sourcecode.swift; path = InfoView.swift; sourceTree = "<group>"; };
		D783319028AD36A90079D169 /* ShahabCard.app */ = {isa = PBXFileReference; explicitFileType = wrapper.application; includeInIndex = 0; path = ShahabCard.app; sourceTree = BUILT_PRODUCTS_DIR; };
		D783319328AD36A90079D169 /* ShahabCardApp.swift */ = {isa = PBXFileReference; lastKnownFileType = sourcecode.swift; path = ShahabCardApp.swift; sourceTree = "<group>"; };
		D783319528AD36A90079D169 /* ContentView.swift */ = {isa = PBXFileReference; lastKnownFileType = sourcecode.swift; path = ContentView.swift; sourceTree = "<group>"; };
		D783319728AD36AB0079D169 /* Assets.xcassets */ = {isa = PBXFileReference; lastKnownFileType = folder.assetcatalog; path = Assets.xcassets; sourceTree = "<group>"; };
		D783319A28AD36AB0079D169 /* Preview Assets.xcassets */ = {isa = PBXFileReference; lastKnownFileType = folder.assetcatalog; path = "Preview Assets.xcassets"; sourceTree = "<group>"; };
		D783319C28AD36AB0079D169 /* Persistence.swift */ = {isa = PBXFileReference; lastKnownFileType = sourcecode.swift; path = Persistence.swift; sourceTree = "<group>"; };
		D783319F28AD36AB0079D169 /* ShahabCard.xcdatamodel */ = {isa = PBXFileReference; lastKnownFileType = wrapper.xcdatamodel; path = ShahabCard.xcdatamodel; sourceTree = "<group>"; };
		D78331A728AD3F220079D169 /* Silkscreen-Bold.ttf */ = {isa = PBXFileReference; lastKnownFileType = file; path = "Silkscreen-Bold.ttf"; sourceTree = "<group>"; };
		D78331A828AD3F220079D169 /* Silkscreen-Regular.ttf */ = {isa = PBXFileReference; lastKnownFileType = file; path = "Silkscreen-Regular.ttf"; sourceTree = "<group>"; };
		D78331AB28AD46F50079D169 /* Info.plist */ = {isa = PBXFileReference; lastKnownFileType = text.plist; path = Info.plist; sourceTree = "<group>"; };
/* End PBXFileReference section */

/* Begin PBXFrameworksBuildPhase section */
		D783318D28AD36A90079D169 /* Frameworks */ = {
			isa = PBXFrameworksBuildPhase;
			buildActionMask = 2147483647;
			files = (
			);
			runOnlyForDeploymentPostprocessing = 0;
		};
/* End PBXFrameworksBuildPhase section */

/* Begin PBXGroup section */
		D783318728AD36A90079D169 = {
			isa = PBXGroup;
			children = (
				D783319228AD36A90079D169 /* ShahabCard */,
				D783319128AD36A90079D169 /* Products */,
			);
			sourceTree = "<group>";
		};
		D783319128AD36A90079D169 /* Products */ = {
			isa = PBXGroup;
			children = (
				D783319028AD36A90079D169 /* ShahabCard.app */,
			);
			name = Products;
			sourceTree = "<group>";
		};
		D783319228AD36A90079D169 /* ShahabCard */ = {
			isa = PBXGroup;
			children = (
				D78331AB28AD46F50079D169 /* Info.plist */,
				D78331A628AD3EBF0079D169 /* Font */,
				D783319328AD36A90079D169 /* ShahabCardApp.swift */,
				D783319528AD36A90079D169 /* ContentView.swift */,
				D783319728AD36AB0079D169 /* Assets.xcassets */,
				D783319C28AD36AB0079D169 /* Persistence.swift */,
				D783319E28AD36AB0079D169 /* ShahabCard.xcdatamodeld */,
				D783319928AD36AB0079D169 /* Preview Content */,
				D7763BAA28AE60540097A3B2 /* InfoView.swift */,
			);
			path = ShahabCard;
			sourceTree = "<group>";
		};
		D783319928AD36AB0079D169 /* Preview Content */ = {
			isa = PBXGroup;
			children = (
				D783319A28AD36AB0079D169 /* Preview Assets.xcassets */,
			);
			path = "Preview Content";
			sourceTree = "<group>";
		};
		D78331A628AD3EBF0079D169 /* Font */ = {
			isa = PBXGroup;
			children = (
				D7763BA828AE53880097A3B2 /* DynaPuff-VariableFont_wdth,wght.ttf */,
				D7763BA128AE51E40097A3B2 /* Montserrat-Italic-VariableFont_wght.ttf */,
				D7763BA028AE51E40097A3B2 /* Montserrat-VariableFont_wght.ttf */,
				D7763B9E28AE4CCC0097A3B2 /* RubikBurned-Regular.ttf */,
				D78331A728AD3F220079D169 /* Silkscreen-Bold.ttf */,
				D78331A828AD3F220079D169 /* Silkscreen-Regular.ttf */,
			);
			path = Font;
			sourceTree = "<group>";
		};
/* End PBXGroup section */

/* Begin PBXNativeTarget section */
		D783318F28AD36A90079D169 /* ShahabCard */ = {
			isa = PBXNativeTarget;
			buildConfigurationList = D78331A328AD36AB0079D169 /* Build configuration list for PBXNativeTarget "ShahabCard" */;
			buildPhases = (
				D783318C28AD36A90079D169 /* Sources */,
				D783318D28AD36A90079D169 /* Frameworks */,
				D783318E28AD36A90079D169 /* Resources */,
			);
			buildRules = (
			);
			dependencies = (
			);
			name = ShahabCard;
			productName = ShahabCard;
			productReference = D783319028AD36A90079D169 /* ShahabCard.app */;
			productType = "com.apple.product-type.application";
		};
/* End PBXNativeTarget section */

/* Begin PBXProject section */
		D783318828AD36A90079D169 /* Project object */ = {
			isa = PBXProject;
			attributes = {
				BuildIndependentTargetsInParallel = 1;
				LastSwiftUpdateCheck = 1340;
				LastUpgradeCheck = 1340;
				TargetAttributes = {
					D783318F28AD36A90079D169 = {
						CreatedOnToolsVersion = 13.4.1;
					};
				};
			};
			buildConfigurationList = D783318B28AD36A90079D169 /* Build configuration list for PBXProject "ShahabCard" */;
			compatibilityVersion = "Xcode 13.0";
			developmentRegion = en;
			hasScannedForEncodings = 0;
			knownRegions = (
				en,
				Base,
			);
			mainGroup = D783318728AD36A90079D169;
			productRefGroup = D783319128AD36A90079D169 /* Products */;
			projectDirPath = "";
			projectRoot = "";
			targets = (
				D783318F28AD36A90079D169 /* ShahabCard */,
			);
		};
/* End PBXProject section */

/* Begin PBXResourcesBuildPhase section */
		D783318E28AD36A90079D169 /* Resources */ = {
			isa = PBXResourcesBuildPhase;
			buildActionMask = 2147483647;
			files = (
				D78331AA28AD3F220079D169 /* Silkscreen-Regular.ttf in Resources */,
				D783319B28AD36AB0079D169 /* Preview Assets.xcassets in Resources */,
				D7763BA928AE53880097A3B2 /* DynaPuff-VariableFont_wdth,wght.ttf in Resources */,
				D78331A928AD3F220079D169 /* Silkscreen-Bold.ttf in Resources */,
				D7763BA328AE51E40097A3B2 /* Montserrat-Italic-VariableFont_wght.ttf in Resources */,
				D783319828AD36AB0079D169 /* Assets.xcassets in Resources */,
				D7763BA228AE51E40097A3B2 /* Montserrat-VariableFont_wght.ttf in Resources */,
				D7763B9F28AE4CCC0097A3B2 /* RubikBurned-Regular.ttf in Resources */,
			);
			runOnlyForDeploymentPostprocessing = 0;
		};
/* End PBXResourcesBuildPhase section */

/* Begin PBXSourcesBuildPhase section */
		D783318C28AD36A90079D169 /* Sources */ = {
			isa = PBXSourcesBuildPhase;
			buildActionMask = 2147483647;
			files = (
				D78331A028AD36AB0079D169 /* ShahabCard.xcdatamodeld in Sources */,
				D783319D28AD36AB0079D169 /* Persistence.swift in Sources */,
				D783319628AD36A90079D169 /* ContentView.swift in Sources */,
				D7763BAB28AE60540097A3B2 /* InfoView.swift in Sources */,
				D783319428AD36A90079D169 /* ShahabCardApp.swift in Sources */,
			);
			runOnlyForDeploymentPostprocessing = 0;
		};
/* End PBXSourcesBuildPhase section */

/* Begin XCBuildConfiguration section */
		D78331A128AD36AB0079D169 /* Debug */ = {
			isa = XCBuildConfiguration;
			buildSettings = {
				ALWAYS_SEARCH_USER_PATHS = NO;
				CLANG_ANALYZER_NONNULL = YES;
				CLANG_ANALYZER_NUMBER_OBJECT_CONVERSION = YES_AGGRESSIVE;
				CLANG_CXX_LANGUAGE_STANDARD = "gnu++17";
				CLANG_ENABLE_MODULES = YES;
				CLANG_ENABLE_OBJC_ARC = YES;
				CLANG_ENABLE_OBJC_WEAK = YES;
				CLANG_WARN_BLOCK_CAPTURE_AUTORELEASING = YES;
				CLANG_WARN_BOOL_CONVERSION = YES;
				CLANG_WARN_COMMA = YES;
				CLANG_WARN_CONSTANT_CONVERSION = YES;
				CLANG_WARN_DEPRECATED_OBJC_IMPLEMENTATIONS = YES;
				CLANG_WARN_DIRECT_OBJC_ISA_USAGE = YES_ERROR;
				CLANG_WARN_DOCUMENTATION_COMMENTS = YES;
				CLANG_WARN_EMPTY_BODY = YES;
				CLANG_WARN_ENUM_CONVERSION = YES;
				CLANG_WARN_INFINITE_RECURSION = YES;
				CLANG_WARN_INT_CONVERSION = YES;
				CLANG_WARN_NON_LITERAL_NULL_CONVERSION = YES;
				CLANG_WARN_OBJC_IMPLICIT_RETAIN_SELF = YES;
				CLANG_WARN_OBJC_LITERAL_CONVERSION = YES;
				CLANG_WARN_OBJC_ROOT_CLASS = YES_ERROR;
				CLANG_WARN_QUOTED_INCLUDE_IN_FRAMEWORK_HEADER = YES;
				CLANG_WARN_RANGE_LOOP_ANALYSIS = YES;
				CLANG_WARN_STRICT_PROTOTYPES = YES;
				CLANG_WARN_SUSPICIOUS_MOVE = YES;
				CLANG_WARN_UNGUARDED_AVAILABILITY = YES_AGGRESSIVE;
				CLANG_WARN_UNREACHABLE_CODE = YES;
				CLANG_WARN__DUPLICATE_METHOD_MATCH = YES;
				COPY_PHASE_STRIP = NO;
				DEBUG_INFORMATION_FORMAT = dwarf;
				ENABLE_STRICT_OBJC_MSGSEND = YES;
				ENABLE_TESTABILITY = YES;
				GCC_C_LANGUAGE_STANDARD = gnu11;
				GCC_DYNAMIC_NO_PIC = NO;
				GCC_NO_COMMON_BLOCKS = YES;
				GCC_OPTIMIZATION_LEVEL = 0;
				GCC_PREPROCESSOR_DEFINITIONS = (
					"DEBUG=1",
					"$(inherited)",
				);
				GCC_WARN_64_TO_32_BIT_CONVERSION = YES;
				GCC_WARN_ABOUT_RETURN_TYPE = YES_ERROR;
				GCC_WARN_UNDECLARED_SELECTOR = YES;
				GCC_WARN_UNINITIALIZED_AUTOS = YES_AGGRESSIVE;
				GCC_WARN_UNUSED_FUNCTION = YES;
				GCC_WARN_UNUSED_VARIABLE = YES;
				IPHONEOS_DEPLOYMENT_TARGET = 15.5;
				MTL_ENABLE_DEBUG_INFO = INCLUDE_SOURCE;
				MTL_FAST_MATH = YES;
				ONLY_ACTIVE_ARCH = YES;
				SDKROOT = iphoneos;
				SWIFT_ACTIVE_COMPILATION_CONDITIONS = DEBUG;
				SWIFT_OPTIMIZATION_LEVEL = "-Onone";
			};
			name = Debug;
		};
		D78331A228AD36AB0079D169 /* Release */ = {
			isa = XCBuildConfiguration;
			buildSettings = {
				ALWAYS_SEARCH_USER_PATHS = NO;
				CLANG_ANALYZER_NONNULL = YES;
				CLANG_ANALYZER_NUMBER_OBJECT_CONVERSION = YES_AGGRESSIVE;
				CLANG_CXX_LANGUAGE_STANDARD = "gnu++17";
				CLANG_ENABLE_MODULES = YES;
				CLANG_ENABLE_OBJC_ARC = YES;
				CLANG_ENABLE_OBJC_WEAK = YES;
				CLANG_WARN_BLOCK_CAPTURE_AUTORELEASING = YES;
				CLANG_WARN_BOOL_CONVERSION = YES;
				CLANG_WARN_COMMA = YES;
				CLANG_WARN_CONSTANT_CONVERSION = YES;
				CLANG_WARN_DEPRECATED_OBJC_IMPLEMENTATIONS = YES;
				CLANG_WARN_DIRECT_OBJC_ISA_USAGE = YES_ERROR;
				CLANG_WARN_DOCUMENTATION_COMMENTS = YES;
				CLANG_WARN_EMPTY_BODY = YES;
				CLANG_WARN_ENUM_CONVERSION = YES;
				CLANG_WARN_INFINITE_RECURSION = YES;
				CLANG_WARN_INT_CONVERSION = YES;
				CLANG_WARN_NON_LITERAL_NULL_CONVERSION = YES;
				CLANG_WARN_OBJC_IMPLICIT_RETAIN_SELF = YES;
				CLANG_WARN_OBJC_LITERAL_CONVERSION = YES;
				CLANG_WARN_OBJC_ROOT_CLASS = YES_ERROR;
				CLANG_WARN_QUOTED_INCLUDE_IN_FRAMEWORK_HEADER = YES;
				CLANG_WARN_RANGE_LOOP_ANALYSIS = YES;
				CLANG_WARN_STRICT_PROTOTYPES = YES;
				CLANG_WARN_SUSPICIOUS_MOVE = YES;
				CLANG_WARN_UNGUARDED_AVAILABILITY = YES_AGGRESSIVE;
				CLANG_WARN_UNREACHABLE_CODE = YES;
				CLANG_WARN__DUPLICATE_METHOD_MATCH = YES;
				COPY_PHASE_STRIP = NO;
				DEBUG_INFORMATION_FORMAT = "dwarf-with-dsym";
				ENABLE_NS_ASSERTIONS = NO;
				ENABLE_STRICT_OBJC_MSGSEND = YES;
				GCC_C_LANGUAGE_STANDARD = gnu11;
				GCC_NO_COMMON_BLOCKS = YES;
				GCC_WARN_64_TO_32_BIT_CONVERSION = YES;
				GCC_WARN_ABOUT_RETURN_TYPE = YES_ERROR;
				GCC_WARN_UNDECLARED_SELECTOR = YES;
				GCC_WARN_UNINITIALIZED_AUTOS = YES_AGGRESSIVE;
				GCC_WARN_UNUSED_FUNCTION = YES;
				GCC_WARN_UNUSED_VARIABLE = YES;
				IPHONEOS_DEPLOYMENT_TARGET = 15.5;
				MTL_ENABLE_DEBUG_INFO = NO;
				MTL_FAST_MATH = YES;
				SDKROOT = iphoneos;
				SWIFT_COMPILATION_MODE = wholemodule;
				SWIFT_OPTIMIZATION_LEVEL = "-O";
				VALIDATE_PRODUCT = YES;
			};
			name = Release;
		};
		D78331A428AD36AB0079D169 /* Debug */ = {
			isa = XCBuildConfiguration;
			buildSettings = {
				ASSETCATALOG_COMPILER_APPICON_NAME = AppIcon;
				ASSETCATALOG_COMPILER_GLOBAL_ACCENT_COLOR_NAME = AccentColor;
				CODE_SIGN_STYLE = Automatic;
				CURRENT_PROJECT_VERSION = 1;
				DEVELOPMENT_ASSET_PATHS = "\"ShahabCard/Preview Content\"";
				ENABLE_PREVIEWS = YES;
				GENERATE_INFOPLIST_FILE = YES;
				INFOPLIST_FILE = ShahabCard/Info.plist;
				INFOPLIST_KEY_UIApplicationSceneManifest_Generation = YES;
				INFOPLIST_KEY_UIApplicationSupportsIndirectInputEvents = YES;
				INFOPLIST_KEY_UILaunchScreen_Generation = YES;
				INFOPLIST_KEY_UISupportedInterfaceOrientations_iPad = "UIInterfaceOrientationPortrait UIInterfaceOrientationPortraitUpsideDown UIInterfaceOrientationLandscapeLeft UIInterfaceOrientationLandscapeRight";
				INFOPLIST_KEY_UISupportedInterfaceOrientations_iPhone = "UIInterfaceOrientationPortrait UIInterfaceOrientationLandscapeLeft UIInterfaceOrientationLandscapeRight";
				LD_RUNPATH_SEARCH_PATHS = (
					"$(inherited)",
					"@executable_path/Frameworks",
				);
				MARKETING_VERSION = 1.0;
				PRODUCT_BUNDLE_IDENTIFIER = com.devsinc.testapp.ShahabCard;
				PRODUCT_NAME = "$(TARGET_NAME)";
				SWIFT_EMIT_LOC_STRINGS = YES;
				SWIFT_VERSION = 5.0;
				TARGETED_DEVICE_FAMILY = "1,2";
			};
			name = Debug;
		};
		D78331A528AD36AB0079D169 /* Release */ = {
			isa = XCBuildConfiguration;
			buildSettings = {
				ASSETCATALOG_COMPILER_APPICON_NAME = AppIcon;
				ASSETCATALOG_COMPILER_GLOBAL_ACCENT_COLOR_NAME = AccentColor;
				CODE_SIGN_STYLE = Automatic;
				CURRENT_PROJECT_VERSION = 1;
				DEVELOPMENT_ASSET_PATHS = "\"ShahabCard/Preview Content\"";
				ENABLE_PREVIEWS = YES;
				GENERATE_INFOPLIST_FILE = YES;
				INFOPLIST_FILE = ShahabCard/Info.plist;
				INFOPLIST_KEY_UIApplicationSceneManifest_Generation = YES;
				INFOPLIST_KEY_UIApplicationSupportsIndirectInputEvents = YES;
				INFOPLIST_KEY_UILaunchScreen_Generation = YES;
				INFOPLIST_KEY_UISupportedInterfaceOrientations_iPad = "UIInterfaceOrientationPortrait UIInterfaceOrientationPortraitUpsideDown UIInterfaceOrientationLandscapeLeft UIInterfaceOrientationLandscapeRight";
				INFOPLIST_KEY_UISupportedInterfaceOrientations_iPhone = "UIInterfaceOrientationPortrait UIInterfaceOrientationLandscapeLeft UIInterfaceOrientationLandscapeRight";
				LD_RUNPATH_SEARCH_PATHS = (
					"$(inherited)",
					"@executable_path/Frameworks",
				);
				MARKETING_VERSION = 1.0;
				PRODUCT_BUNDLE_IDENTIFIER = com.devsinc.testapp.ShahabCard;
				PRODUCT_NAME = "$(TARGET_NAME)";
				SWIFT_EMIT_LOC_STRINGS = YES;
				SWIFT_VERSION = 5.0;
				TARGETED_DEVICE_FAMILY = "1,2";
			};
			name = Release;
		};
/* End XCBuildConfiguration section */

/* Begin XCConfigurationList section */
		D783318B28AD36A90079D169 /* Build configuration list for PBXProject "ShahabCard" */ = {
			isa = XCConfigurationList;
			buildConfigurations = (
				D78331A128AD36AB0079D169 /* Debug */,
				D78331A228AD36AB0079D169 /* Release */,
			);
			defaultConfigurationIsVisible = 0;
			defaultConfigurationName = Release;
		};
		D78331A328AD36AB0079D169 /* Build configuration list for PBXNativeTarget "ShahabCard" */ = {
			isa = XCConfigurationList;
			buildConfigurations = (
				D78331A428AD36AB0079D169 /* Debug */,
				D78331A528AD36AB0079D169 /* Release */,
			);
			defaultConfigurationIsVisible = 0;
			defaultConfigurationName = Release;
		};
/* End XCConfigurationList section */

/* Begin XCVersionGroup section */
		D783319E28AD36AB0079D169 /* ShahabCard.xcdatamodeld */ = {
			isa = XCVersionGroup;
			children = (
				D783319F28AD36AB0079D169 /* ShahabCard.xcdatamodel */,
			);
			currentVersion = D783319F28AD36AB0079D169 /* ShahabCard.xcdatamodel */;
			path = ShahabCard.xcdatamodeld;
			sourceTree = "<group>";
			versionGroupType = wrapper.xcdatamodel;
		};
/* End XCVersionGroup section */
	};
	rootObject = D783318828AD36A90079D169 /* Project object */;
}
